{
  "name": "hendrawd.github.io",
  "version": "1.0.0",
  "lockfileVersion": 1,
  "dependencies": {
    "bail": {
      "version": "1.0.1",
      "resolved": "https://registry.npmjs.org/bail/-/bail-1.0.1.tgz",
      "integrity": "sha1-kSV53os5Gq3zxf30zSoPwiXfO8I=",
      "dev": true
    },
    "balanced-match": {
      "version": "0.4.2",
      "resolved": "https://registry.npmjs.org/balanced-match/-/balanced-match-0.4.2.tgz",
      "integrity": "sha1-yz8+PHMtwPAe5wtAPzAuYddwmDg=",
      "dev": true
    },
    "brace-expansion": {
      "version": "1.1.7",
      "resolved": "https://registry.npmjs.org/brace-expansion/-/brace-expansion-1.1.7.tgz",
      "integrity": "sha1-Pv/DxQ4ABTH7cg6v+A8K6O8jz1k=",
      "dev": true
    },
    "character-entities": {
      "version": "1.2.0",
      "resolved": "https://registry.npmjs.org/character-entities/-/character-entities-1.2.0.tgz",
      "integrity": "sha1-poPiz3Xb6LFxljUxNk5Y4YobFV8=",
      "dev": true
    },
    "character-entities-legacy": {
      "version": "1.1.0",
      "resolved": "https://registry.npmjs.org/character-entities-legacy/-/character-entities-legacy-1.1.0.tgz",
      "integrity": "sha1-sYqtmPa3vMZGweTIH58ZVjdqVho=",
      "dev": true
    },
    "character-reference-invalid": {
      "version": "1.1.0",
      "resolved": "https://registry.npmjs.org/character-reference-invalid/-/character-reference-invalid-1.1.0.tgz",
      "integrity": "sha1-3smtHfufjQa0/NqircPE/ZevHmg=",
      "dev": true
    },
    "cli": {
      "version": "1.0.1",
      "resolved": "https://registry.npmjs.org/cli/-/cli-1.0.1.tgz",
      "integrity": "sha1-IoF1NPJL+klQw01TLUjsvGIbjBQ=",
      "dev": true
    },
    "collapse-white-space": {
      "version": "1.0.2",
      "resolved": "https://registry.npmjs.org/collapse-white-space/-/collapse-white-space-1.0.2.tgz",
      "integrity": "sha1-nEY/ucbRkNLcriGjVqAbyunu720=",
      "dev": true
    },
    "concat-map": {
      "version": "0.0.1",
      "resolved": "https://registry.npmjs.org/concat-map/-/concat-map-0.0.1.tgz",
      "integrity": "sha1-2Klr13/Wjfd5OnMDajug1UBdR3s=",
      "dev": true
    },
    "console-browserify": {
      "version": "1.1.0",
      "resolved": "https://registry.npmjs.org/console-browserify/-/console-browserify-1.1.0.tgz",
      "integrity": "sha1-8CQcRXMKn8YyOyBtvzjtx0HQuxA=",
      "dev": true
    },
    "core-util-is": {
      "version": "1.0.2",
      "resolved": "https://registry.npmjs.org/core-util-is/-/core-util-is-1.0.2.tgz",
      "integrity": "sha1-tf1UIgqivFq1eqtxQMlAdUUDwac=",
      "dev": true
    },
    "date-now": {
      "version": "0.1.4",
      "resolved": "https://registry.npmjs.org/date-now/-/date-now-0.1.4.tgz",
      "integrity": "sha1-6vQ5/U1ISK105cx9vvIAZyueNFs=",
      "dev": true
    },
    "dom-serializer": {
      "version": "0.1.0",
      "resolved": "https://registry.npmjs.org/dom-serializer/-/dom-serializer-0.1.0.tgz",
      "integrity": "sha1-BzxpdUbOB4DOI75KKOKT5AvDDII=",
      "dev": true,
      "dependencies": {
        "domelementtype": {
          "version": "1.1.3",
          "resolved": "https://registry.npmjs.org/domelementtype/-/domelementtype-1.1.3.tgz",
          "integrity": "sha1-vSh3PiZCiBrsUVRJJCmcXNgiGFs=",
          "dev": true
        },
        "entities": {
          "version": "1.1.1",
          "resolved": "https://registry.npmjs.org/entities/-/entities-1.1.1.tgz",
          "integrity": "sha1-blwtClYhtdra7O+AuQ7ftc13cvA=",
          "dev": true
        }
      }
    },
    "domelementtype": {
      "version": "1.3.0",
      "resolved": "https://registry.npmjs.org/domelementtype/-/domelementtype-1.3.0.tgz",
      "integrity": "sha1-sXrtguirWeUt2cGbF1bg/BhyBMI=",
      "dev": true
    },
    "domhandler": {
      "version": "2.3.0",
      "resolved": "https://registry.npmjs.org/domhandler/-/domhandler-2.3.0.tgz",
      "integrity": "sha1-LeWaCCLVAn+r/28DLCsloqir5zg=",
      "dev": true
    },
    "domutils": {
      "version": "1.5.1",
      "resolved": "https://registry.npmjs.org/domutils/-/domutils-1.5.1.tgz",
      "integrity": "sha1-3NhIiib1Y9YQeeSMn3t+Mjc2gs8=",
      "dev": true
    },
    "entities": {
      "version": "1.0.0",
      "resolved": "https://registry.npmjs.org/entities/-/entities-1.0.0.tgz",
      "integrity": "sha1-sph6o4ITR/zeZCsk/fyeT7cSvyY=",
      "dev": true
    },
    "eslint-plugin-json": {
      "version": "1.2.0",
      "resolved": "https://registry.npmjs.org/eslint-plugin-json/-/eslint-plugin-json-1.2.0.tgz",
      "integrity": "sha1-m6c7sL6Z1QCT6In1uWhGPSow764=",
      "dev": true
    },
    "eslint-plugin-markdown": {
      "version": "1.0.0-beta.6",
      "resolved": "https://registry.npmjs.org/eslint-plugin-markdown/-/eslint-plugin-markdown-1.0.0-beta.6.tgz",
      "integrity": "sha1-2eYmZu6k52OH6F9QLfZoq9+9Q5U=",
      "dev": true
    },
    "exit": {
      "version": "0.1.2",
      "resolved": "https://registry.npmjs.org/exit/-/exit-0.1.2.tgz",
      "integrity": "sha1-BjJjj42HfMghB9MKD/8aF8uhzQw=",
      "dev": true
    },
    "extend": {
      "version": "3.0.1",
      "resolved": "https://registry.npmjs.org/extend/-/extend-3.0.1.tgz",
      "integrity": "sha1-p1Xqe8Gt/MWjHOfnYtuq3F5jZEQ=",
      "dev": true
    },
    "fs.realpath": {
      "version": "1.0.0",
      "resolved": "https://registry.npmjs.org/fs.realpath/-/fs.realpath-1.0.0.tgz",
      "integrity": "sha1-FQStJSMVjKpA20onh8sBQRmU6k8=",
      "dev": true
    },
    "function-bind": {
      "version": "1.1.0",
      "resolved": "https://registry.npmjs.org/function-bind/-/function-bind-1.1.0.tgz",
      "integrity": "sha1-FhdnFMgBeY5Ojyz391KUZ7tKV3E=",
      "dev": true
    },
    "glob": {
      "version": "7.1.2",
      "resolved": "https://registry.npmjs.org/glob/-/glob-7.1.2.tgz",
      "integrity": "sha512-MJTUg1kjuLeQCJ+ccE4Vpa6kKVXkPYJ2mOCQyUuKLcLQsdrMCpBPUi8qVE6+YuaJkozeA9NusTAw3hLr8Xe5EQ==",
      "dev": true
    },
    "has": {
      "version": "1.0.1",
      "resolved": "https://registry.npmjs.org/has/-/has-1.0.1.tgz",
      "integrity": "sha1-hGFzP1OLCDfJNh45qauelwTcLyg=",
      "dev": true
    },
    "htmlparser2": {
      "version": "3.8.3",
      "resolved": "https://registry.npmjs.org/htmlparser2/-/htmlparser2-3.8.3.tgz",
      "integrity": "sha1-mWwosZFRaovoZQGn15dX5ccMEGg=",
      "dev": true
    },
    "inflight": {
      "version": "1.0.6",
      "resolved": "https://registry.npmjs.org/inflight/-/inflight-1.0.6.tgz",
      "integrity": "sha1-Sb1jMdfQLQwJvJEKEHW6gWW1bfk=",
      "dev": true
    },
    "inherits": {
      "version": "2.0.3",
      "resolved": "https://registry.npmjs.org/inherits/-/inherits-2.0.3.tgz",
      "integrity": "sha1-Yzwsg+PaQqUC9SRmAiSA9CCCYd4=",
      "dev": true
    },
    "is-alphabetical": {
      "version": "1.0.0",
      "resolved": "https://registry.npmjs.org/is-alphabetical/-/is-alphabetical-1.0.0.tgz",
      "integrity": "sha1-4lRMEwWCVfIUTLdXBmzTNCocjEY=",
      "dev": true
    },
    "is-alphanumerical": {
      "version": "1.0.0",
      "resolved": "https://registry.npmjs.org/is-alphanumerical/-/is-alphanumerical-1.0.0.tgz",
      "integrity": "sha1-4GSS5xnBvxXewjnk8a9fZ7TW578=",
      "dev": true
    },
    "is-buffer": {
      "version": "1.1.5",
      "resolved": "https://registry.npmjs.org/is-buffer/-/is-buffer-1.1.5.tgz",
      "integrity": "sha1-Hzsm72E7IUuIy8ojzGwB2Hlh7sw=",
      "dev": true
    },
    "is-decimal": {
      "version": "1.0.0",
      "resolved": "https://registry.npmjs.org/is-decimal/-/is-decimal-1.0.0.tgz",
      "integrity": "sha1-lAV5tupjxigICmnmK9qIyEcLT+A=",
      "dev": true
    },
    "is-hexadecimal": {
      "version": "1.0.0",
      "resolved": "https://registry.npmjs.org/is-hexadecimal/-/is-hexadecimal-1.0.0.tgz",
      "integrity": "sha1-XEWXcdKvmi45Ungf1U/LG8/kETw=",
      "dev": true
    },
    "is-plain-obj": {
      "version": "1.1.0",
      "resolved": "https://registry.npmjs.org/is-plain-obj/-/is-plain-obj-1.1.0.tgz",
      "integrity": "sha1-caUMhCnfync8kqOQpKA7OfzVHT4=",
      "dev": true
    },
    "is-whitespace-character": {
      "version": "1.0.0",
      "resolved": "https://registry.npmjs.org/is-whitespace-character/-/is-whitespace-character-1.0.0.tgz",
      "integrity": "sha1-u/SoN2Tq0NRRvsKlUhjpGWGtwnU=",
      "dev": true
    },
    "is-word-character": {
      "version": "1.0.0",
      "resolved": "https://registry.npmjs.org/is-word-character/-/is-word-character-1.0.0.tgz",
      "integrity": "sha1-o6nl3a1wxcLuNvSpz8mlP0RTUkc=",
      "dev": true
    },
    "isarray": {
      "version": "0.0.1",
      "resolved": "https://registry.npmjs.org/isarray/-/isarray-0.0.1.tgz",
      "integrity": "sha1-ihis/Kmo9Bd+Cav8YDiTmwXR7t8=",
      "dev": true
    },
    "jshint": {
      "version": "2.9.4",
      "resolved": "https://registry.npmjs.org/jshint/-/jshint-2.9.4.tgz",
      "integrity": "sha1-XjupeEjVKQJz21FK7kf+JM9ZKTQ=",
      "dev": true
    },
    "lodash": {
      "version": "3.7.0",
      "resolved": "https://registry.npmjs.org/lodash/-/lodash-3.7.0.tgz",
      "integrity": "sha1-Nni9irmVBXwHreg27S7wh9qBHUU=",
      "dev": true
    },
    "markdown-escapes": {
      "version": "1.0.0",
      "resolved": "https://registry.npmjs.org/markdown-escapes/-/markdown-escapes-1.0.0.tgz",
      "integrity": "sha1-yMoZ8dlNaCRZ4Kk8htsnp+9xayM=",
      "dev": true
    },
    "minimatch": {
      "version": "3.0.4",
      "resolved": "https://registry.npmjs.org/minimatch/-/minimatch-3.0.4.tgz",
      "integrity": "sha512-yJHVQEhyqPLUTgt9B83PXu6W3rx4MvvHvSUvToogpwoGDOUQ+yDrR0HRot+yOCdCO7u4hX3pWft6kWBBcqh0UA==",
      "dev": true
    },
    "object-assign": {
      "version": "4.1.1",
      "resolved": "https://registry.npmjs.org/object-assign/-/object-assign-4.1.1.tgz",
      "integrity": "sha1-IQmtx5ZYh8/AXLvUQsrIv7s2CGM=",
      "dev": true
    },
    "once": {
      "version": "1.4.0",
      "resolved": "https://registry.npmjs.org/once/-/once-1.4.0.tgz",
      "integrity": "sha1-WDsap3WWHUsROsF9nFC6753Xa9E=",
      "dev": true
    },
    "parse-entities": {
      "version": "1.1.0",
      "resolved": "https://registry.npmjs.org/parse-entities/-/parse-entities-1.1.0.tgz",
      "integrity": "sha1-S8WPNf3I5l3e01oS8uQCI8oko/c=",
      "dev": true
    },
    "path-is-absolute": {
      "version": "1.0.1",
      "resolved": "https://registry.npmjs.org/path-is-absolute/-/path-is-absolute-1.0.1.tgz",
      "integrity": "sha1-F0uSaHNVNP+8es5r9TpanhtcX18=",
      "dev": true
    },
    "readable-stream": {
      "version": "1.1.14",
      "resolved": "https://registry.npmjs.org/readable-stream/-/readable-stream-1.1.14.tgz",
      "integrity": "sha1-fPTFTvZI44EwhMY23SB54WbAgdk=",
      "dev": true
    },
    "remark-parse": {
      "version": "3.0.1",
      "resolved": "https://registry.npmjs.org/remark-parse/-/remark-parse-3.0.1.tgz",
      "integrity": "sha1-G5+EGkTY9PvyJGhQJlRZpOs1TIA=",
      "dev": true
    },
    "repeat-string": {
      "version": "1.6.1",
      "resolved": "https://registry.npmjs.org/repeat-string/-/repeat-string-1.6.1.tgz",
      "integrity": "sha1-jcrkcOHIirwtYA//Sndihtp15jc=",
      "dev": true
    },
    "replace-ext": {
      "version": "1.0.0",
      "resolved": "https://registry.npmjs.org/replace-ext/-/replace-ext-1.0.0.tgz",
      "integrity": "sha1-3mMSg3P8v3w8z6TeWkgMRaZ5WOs=",
      "dev": true
    },
    "shelljs": {
      "version": "0.3.0",
      "resolved": "https://registry.npmjs.org/shelljs/-/shelljs-0.3.0.tgz",
      "integrity": "sha1-NZbmMHp4FUT1kfN9phg2DzHbV7E=",
      "dev": true
    },
    "state-toggle": {
      "version": "1.0.0",
      "resolved": "https://registry.npmjs.org/state-toggle/-/state-toggle-1.0.0.tgz",
      "integrity": "sha1-0g+aYWu08MO5i5GSLSW2QKorxCU=",
      "dev": true
    },
    "string_decoder": {
      "version": "0.10.31",
      "resolved": "https://registry.npmjs.org/string_decoder/-/string_decoder-0.10.31.tgz",
      "integrity": "sha1-YuIDvEF2bGwoyfyEMB2rHFMQ+pQ=",
      "dev": true
    },
    "strip-json-comments": {
      "version": "1.0.4",
      "resolved": "https://registry.npmjs.org/strip-json-comments/-/strip-json-comments-1.0.4.tgz",
      "integrity": "sha1-HhX7ysl9Pumb8tc7TGVrCCu6+5E=",
      "dev": true
    },
    "trim": {
      "version": "0.0.1",
      "resolved": "https://registry.npmjs.org/trim/-/trim-0.0.1.tgz",
      "integrity": "sha1-WFhUf2spB1fulczMZm+1AITEYN0=",
      "dev": true
    },
    "trim-trailing-lines": {
      "version": "1.1.0",
      "resolved": "https://registry.npmjs.org/trim-trailing-lines/-/trim-trailing-lines-1.1.0.tgz",
      "integrity": "sha1-eu+7eAjfnWafbaLkOMrIxGradoQ=",
      "dev": true
    },
    "trough": {
      "version": "1.0.0",
      "resolved": "https://registry.npmjs.org/trough/-/trough-1.0.0.tgz",
      "integrity": "sha1-a97f5/KqSabzxDIldodVWVfzQv0=",
      "dev": true
    },
    "unherit": {
      "version": "1.1.0",
      "resolved": "https://registry.npmjs.org/unherit/-/unherit-1.1.0.tgz",
      "integrity": "sha1-a5qu379z3xdWrZ4xbdmBiFhAzX0=",
      "dev": true
    },
    "unified": {
      "version": "6.1.4",
      "resolved": "https://registry.npmjs.org/unified/-/unified-6.1.4.tgz",
      "integrity": "sha1-Etek7DWYbEovoIFc397EvgJF/KI=",
      "dev": true
    },
    "unist-util-remove-position": {
      "version": "1.1.0",
      "resolved": "https://registry.npmjs.org/unist-util-remove-position/-/unist-util-remove-position-1.1.0.tgz",
      "integrity": "sha1-JET+3DRLxfVA2rY1PgE7bXgQHcI=",
      "dev": true
    },
    "unist-util-stringify-position": {
      "version": "1.1.1",
      "resolved": "https://registry.npmjs.org/unist-util-stringify-position/-/unist-util-stringify-position-1.1.1.tgz",
      "integrity": "sha1-PMvcU2ee7W7PN3fdf14yKcG2qjw=",
      "dev": true
    },
    "unist-util-visit": {
      "version": "1.1.1",
      "resolved": "https://registry.npmjs.org/unist-util-visit/-/unist-util-visit-1.1.1.tgz",
      "integrity": "sha1-6RejsTdlizNctEIMfaLnTZKOTpQ=",
      "dev": true
    },
    "vfile": {
      "version": "2.1.0",
      "resolved": "https://registry.npmjs.org/vfile/-/vfile-2.1.0.tgz",
      "integrity": "sha1-086Lgl57jVO4lhZDQSczgZNvAr0=",
      "dev": true
    },
    "vfile-location": {
      "version": "2.0.1",
      "resolved": "https://registry.npmjs.org/vfile-location/-/vfile-location-2.0.1.tgz",
      "integrity": "sha1-C/iBb3MrD4vZAqVv2kxiyOk13FI=",
      "dev": true
    },
    "wrappy": {
      "version": "1.0.2",
      "resolved": "https://registry.npmjs.org/wrappy/-/wrappy-1.0.2.tgz",
      "integrity": "sha1-tSQ9jz7BqjXxNkYFvA0QNuMKtp8=",
      "dev": true
    },
    "x-is-function": {
      "version": "1.0.4",
      "resolved": "https://registry.npmjs.org/x-is-function/-/x-is-function-1.0.4.tgz",
      "integrity": "sha1-XSlNw9Joy90GJYDgxd93o5HR+h4=",
      "dev": true
    },
    "x-is-string": {
      "version": "0.1.0",
      "resolved": "https://registry.npmjs.org/x-is-string/-/x-is-string-0.1.0.tgz",
      "integrity": "sha1-R0tQhlrzpJqcRlfwWs0UVFj3fYI=",
      "dev": true
    },
    "xtend": {
      "version": "4.0.1",
      "resolved": "https://registry.npmjs.org/xtend/-/xtend-4.0.1.tgz",
      "integrity": "sha1-pcbVMr5lbiPbgg77lDofBJmNY68=",
      "dev": true
    }
  }
}
